
Microsoft Visual Studio Solution File, Format Version 12.00
# Visual Studio Version 16
VisualStudioVersion = 16.0.30204.135
MinimumVisualStudioVersion = 10.0.40219.1
Project("{FAE04EC0-301F-11D3-BF4B-00C04F79EFBC}") = "CreateAdmin-exe-POC", "CreateAdmin-exe-POC\CreateAdmin-exe-POC.csproj", "{40356E1A-9084-4843-BA71-FE08C287DEE1}"
EndProject
Global
	GlobalSection(SolutionConfigurationPlatforms) = preSolution
		Debug|Any CPU = Debug|Any CPU
		Release|Any CPU = Release|Any CPU
	EndGlobalSection
	GlobalSection(ProjectConfigurationPlatforms) = postSolution
		{40356E1A-9084-4843-BA71-FE08C287DEE1}.Debug|Any CPU.ActiveCfg = Debug|Any CPU
		{40356E1A-9084-4843-BA71-FE08C287DEE1}.Debug|Any CPU.Build.0 = Debug|Any CPU
		{40356E1A-9084-4843-BA71-FE08C287DEE1}.Release|Any CPU.ActiveCfg = Release|Any CPU
		{40356E1A-9084-4843-BA71-FE08C287DEE1}.Release|Any CPU.Build.0 = Release|Any CPU
	EndGlobalSection
	GlobalSection(SolutionProperties) = preSolution
		HideSolutionNode = FALSE
	EndGlobalSection
	GlobalSection(ExtensibilityGlobals) = postSolution
		SolutionGuid = {57D75B03-7C78-4F04-814A-D802C04DFB4C}
	EndGlobalSection
EndGlobal
